
Microsoft Visual Studio Solution File, Format Version 12.00
# Visual Studio Version 17
VisualStudioVersion = 17.10.35004.147
MinimumVisualStudioVersion = 10.0.40219.1
Project("{9A19103F-16F7-4668-BE54-9A1E7A4F7556}") = "Trasgressori", "Trasgressori\Trasgressori.csproj", "{9B30F338-01DE-43B3-B09B-E7A356D3EBB2}"
EndProject
Global
	GlobalSection(SolutionConfigurationPlatforms) = preSolution
		Debug|Any CPU = Debug|Any CPU
		Release|Any CPU = Release|Any CPU
	EndGlobalSection
	GlobalSection(ProjectConfigurationPlatforms) = postSolution
		{9B30F338-01DE-43B3-B09B-E7A356D3EBB2}.Debug|Any CPU.ActiveCfg = Debug|Any CPU
		{9B30F338-01DE-43B3-B09B-E7A356D3EBB2}.Debug|Any CPU.Build.0 = Debug|Any CPU
		{9B30F338-01DE-43B3-B09B-E7A356D3EBB2}.Release|Any CPU.ActiveCfg = Release|Any CPU
		{9B30F338-01DE-43B3-B09B-E7A356D3EBB2}.Release|Any CPU.Build.0 = Release|Any CPU
	EndGlobalSection
	GlobalSection(SolutionProperties) = preSolution
		HideSolutionNode = FALSE
	EndGlobalSection
	GlobalSection(ExtensibilityGlobals) = postSolution
		SolutionGuid = {014BB6C7-5AE8-4F29-BC47-185ABA3F0DA5}
	EndGlobalSection
EndGlobal
